
Microsoft Visual Studio Solution File, Format Version 12.00
# Visual Studio 2012
Project("{FAE04EC0-301F-11D3-BF4B-00C04F79EFBC}") = "VendingMachineDotNet", "VendingMachineDotNet\VendingMachineDotNet.csproj", "{94013C77-6643-4B1A-A858-7B8B2F0B8253}"
EndProject
Project("{FAE04EC0-301F-11D3-BF4B-00C04F79EFBC}") = "VendingMachineDotNet.Tests", "VendingMachineDotNet.Tests\VendingMachineDotNet.Tests.csproj", "{42C21903-EA3A-4DBE-99A1-3910C2B9132A}"
EndProject
Global
	GlobalSection(SolutionConfigurationPlatforms) = preSolution
		Debug|Any CPU = Debug|Any CPU
		Release|Any CPU = Release|Any CPU
	EndGlobalSection
	GlobalSection(ProjectConfigurationPlatforms) = postSolution
		{94013C77-6643-4B1A-A858-7B8B2F0B8253}.Debug|Any CPU.ActiveCfg = Debug|Any CPU
		{94013C77-6643-4B1A-A858-7B8B2F0B8253}.Debug|Any CPU.Build.0 = Debug|Any CPU
		{94013C77-6643-4B1A-A858-7B8B2F0B8253}.Release|Any CPU.ActiveCfg = Release|Any CPU
		{94013C77-6643-4B1A-A858-7B8B2F0B8253}.Release|Any CPU.Build.0 = Release|Any CPU
		{42C21903-EA3A-4DBE-99A1-3910C2B9132A}.Debug|Any CPU.ActiveCfg = Debug|Any CPU
		{42C21903-EA3A-4DBE-99A1-3910C2B9132A}.Debug|Any CPU.Build.0 = Debug|Any CPU
		{42C21903-EA3A-4DBE-99A1-3910C2B9132A}.Release|Any CPU.ActiveCfg = Release|Any CPU
		{42C21903-EA3A-4DBE-99A1-3910C2B9132A}.Release|Any CPU.Build.0 = Release|Any CPU
	EndGlobalSection
EndGlobal
